<Solution>
  <Project Path="Mediapipe.Runtime.csproj" />
  <Project Path="UniUlm.UnitEye.Runtime.csproj" />
  <Project Path="Assembly-CSharp.csproj" />
  <Project Path="MediaPipe.FaceMesh.csproj" />
  <Project Path="Mediapipe.Runtime.Tests.csproj" />
  <Project Path="Mediapipe.Holistic.Runtime.csproj" />
  <Project Path="UniUlm.UnitEye.Editor.csproj" />
</Solution>
